
Microsoft Visual Studio Solution File, Format Version 12.00
# Visual Studio 14
VisualStudioVersion = 14.0.25420.1
MinimumVisualStudioVersion = 10.0.40219.1
Project("{FAE04EC0-301F-11D3-BF4B-00C04F79EFBC}") = "FizzBuzz Test", "FizzBuzz Test\FizzBuzz Test.csproj", "{991A5D89-12BB-426A-A824-BF243B840224}"
EndProject
Project("{FAE04EC0-301F-11D3-BF4B-00C04F79EFBC}") = "MVC Test", "MVC Test\MVC Test.csproj", "{E8527DB6-096B-4EA2-83D0-A78765B9F341}"
EndProject
Project("{FAE04EC0-301F-11D3-BF4B-00C04F79EFBC}") = "MVC Test.Tests", "MVC Test.Tests\MVC Test.Tests.csproj", "{734F9BEA-BE41-48B1-9B60-E8751D7D111A}"
EndProject
Project("{FAE04EC0-301F-11D3-BF4B-00C04F79EFBC}") = "MVC Test.Library", "MVC Test.Library\MVC Test.Library.csproj", "{6F909A42-2487-45DA-8A81-D6CE29F4BBEA}"
EndProject
Project("{FAE04EC0-301F-11D3-BF4B-00C04F79EFBC}") = "Luhn Test", "Luhn Test\Luhn Test.csproj", "{E9888C21-8A50-49A5-B36C-0ABD32AA2EEF}"
EndProject
Project("{FAE04EC0-301F-11D3-BF4B-00C04F79EFBC}") = "Luhn Unit Test", "Luhn Unit Test\Luhn Unit Test.csproj", "{2692B030-CF20-41F2-B88C-470F42935C58}"
EndProject
Global
	GlobalSection(SolutionConfigurationPlatforms) = preSolution
		Debug|Any CPU = Debug|Any CPU
		Release|Any CPU = Release|Any CPU
	EndGlobalSection
	GlobalSection(ProjectConfigurationPlatforms) = postSolution
		{991A5D89-12BB-426A-A824-BF243B840224}.Debug|Any CPU.ActiveCfg = Debug|Any CPU
		{991A5D89-12BB-426A-A824-BF243B840224}.Debug|Any CPU.Build.0 = Debug|Any CPU
		{991A5D89-12BB-426A-A824-BF243B840224}.Release|Any CPU.ActiveCfg = Release|Any CPU
		{991A5D89-12BB-426A-A824-BF243B840224}.Release|Any CPU.Build.0 = Release|Any CPU
		{E8527DB6-096B-4EA2-83D0-A78765B9F341}.Debug|Any CPU.ActiveCfg = Debug|Any CPU
		{E8527DB6-096B-4EA2-83D0-A78765B9F341}.Debug|Any CPU.Build.0 = Debug|Any CPU
		{E8527DB6-096B-4EA2-83D0-A78765B9F341}.Release|Any CPU.ActiveCfg = Release|Any CPU
		{E8527DB6-096B-4EA2-83D0-A78765B9F341}.Release|Any CPU.Build.0 = Release|Any CPU
		{734F9BEA-BE41-48B1-9B60-E8751D7D111A}.Debug|Any CPU.ActiveCfg = Debug|Any CPU
		{734F9BEA-BE41-48B1-9B60-E8751D7D111A}.Debug|Any CPU.Build.0 = Debug|Any CPU
		{734F9BEA-BE41-48B1-9B60-E8751D7D111A}.Release|Any CPU.ActiveCfg = Release|Any CPU
		{734F9BEA-BE41-48B1-9B60-E8751D7D111A}.Release|Any CPU.Build.0 = Release|Any CPU
		{6F909A42-2487-45DA-8A81-D6CE29F4BBEA}.Debug|Any CPU.ActiveCfg = Debug|Any CPU
		{6F909A42-2487-45DA-8A81-D6CE29F4BBEA}.Debug|Any CPU.Build.0 = Debug|Any CPU
		{6F909A42-2487-45DA-8A81-D6CE29F4BBEA}.Release|Any CPU.ActiveCfg = Release|Any CPU
		{6F909A42-2487-45DA-8A81-D6CE29F4BBEA}.Release|Any CPU.Build.0 = Release|Any CPU
		{E9888C21-8A50-49A5-B36C-0ABD32AA2EEF}.Debug|Any CPU.ActiveCfg = Debug|Any CPU
		{E9888C21-8A50-49A5-B36C-0ABD32AA2EEF}.Debug|Any CPU.Build.0 = Debug|Any CPU
		{E9888C21-8A50-49A5-B36C-0ABD32AA2EEF}.Release|Any CPU.ActiveCfg = Release|Any CPU
		{E9888C21-8A50-49A5-B36C-0ABD32AA2EEF}.Release|Any CPU.Build.0 = Release|Any CPU
		{2692B030-CF20-41F2-B88C-470F42935C58}.Debug|Any CPU.ActiveCfg = Debug|Any CPU
		{2692B030-CF20-41F2-B88C-470F42935C58}.Debug|Any CPU.Build.0 = Debug|Any CPU
		{2692B030-CF20-41F2-B88C-470F42935C58}.Release|Any CPU.ActiveCfg = Release|Any CPU
		{2692B030-CF20-41F2-B88C-470F42935C58}.Release|Any CPU.Build.0 = Release|Any CPU
	EndGlobalSection
	GlobalSection(SolutionProperties) = preSolution
		HideSolutionNode = FALSE
	EndGlobalSection
EndGlobal
